
Microsoft Visual Studio Solution File, Format Version 12.00
# Visual Studio Version 16
VisualStudioVersion = 16.0.30804.86
MinimumVisualStudioVersion = 10.0.40219.1
Project("{FAE04EC0-301F-11D3-BF4B-00C04F79EFBC}") = "MyDictionaryOdev", "MyDictionaryOdev\MyDictionaryOdev.csproj", "{BF989ADA-2917-4426-B5AA-0035946DA56F}"
EndProject
Global
	GlobalSection(SolutionConfigurationPlatforms) = preSolution
		Debug|Any CPU = Debug|Any CPU
		Release|Any CPU = Release|Any CPU
	EndGlobalSection
	GlobalSection(ProjectConfigurationPlatforms) = postSolution
		{BF989ADA-2917-4426-B5AA-0035946DA56F}.Debug|Any CPU.ActiveCfg = Debug|Any CPU
		{BF989ADA-2917-4426-B5AA-0035946DA56F}.Debug|Any CPU.Build.0 = Debug|Any CPU
		{BF989ADA-2917-4426-B5AA-0035946DA56F}.Release|Any CPU.ActiveCfg = Release|Any CPU
		{BF989ADA-2917-4426-B5AA-0035946DA56F}.Release|Any CPU.Build.0 = Release|Any CPU
	EndGlobalSection
	GlobalSection(SolutionProperties) = preSolution
		HideSolutionNode = FALSE
	EndGlobalSection
	GlobalSection(ExtensibilityGlobals) = postSolution
		SolutionGuid = {B85D2CA2-1C97-477A-8165-B97048931B69}
	EndGlobalSection
EndGlobal
